
Microsoft Visual Studio Solution File, Format Version 12.00
# Visual Studio Version 17
VisualStudioVersion = 17.8.34330.188
MinimumVisualStudioVersion = 10.0.40219.1
Project("{FAE04EC0-301F-11D3-BF4B-00C04F79EFBC}") = "C#9", "C#9.csproj", "{D5F38C34-AC9E-432E-9A76-4D0DF458726A}"
EndProject
Global
	GlobalSection(SolutionConfigurationPlatforms) = preSolution
		Debug|Any CPU = Debug|Any CPU
		Release|Any CPU = Release|Any CPU
	EndGlobalSection
	GlobalSection(ProjectConfigurationPlatforms) = postSolution
		{D5F38C34-AC9E-432E-9A76-4D0DF458726A}.Debug|Any CPU.ActiveCfg = Debug|Any CPU
		{D5F38C34-AC9E-432E-9A76-4D0DF458726A}.Debug|Any CPU.Build.0 = Debug|Any CPU
		{D5F38C34-AC9E-432E-9A76-4D0DF458726A}.Release|Any CPU.ActiveCfg = Release|Any CPU
		{D5F38C34-AC9E-432E-9A76-4D0DF458726A}.Release|Any CPU.Build.0 = Release|Any CPU
	EndGlobalSection
	GlobalSection(SolutionProperties) = preSolution
		HideSolutionNode = FALSE
	EndGlobalSection
	GlobalSection(ExtensibilityGlobals) = postSolution
		SolutionGuid = {7A1A649A-A4C9-4F96-AF95-0593369A3AB2}
	EndGlobalSection
EndGlobal
